
Microsoft Visual Studio Solution File, Format Version 12.00
# Visual Studio Version 17
VisualStudioVersion = 17.3.32901.215
MinimumVisualStudioVersion = 10.0.40219.1
Project("{FAE04EC0-301F-11D3-BF4B-00C04F79EFBC}") = "Algonya Ika1", "Algonya Ika1\Algonya Ika1.csproj", "{6E342566-FEEF-4408-B271-7E01DB07A5C3}"
EndProject
Global
	GlobalSection(SolutionConfigurationPlatforms) = preSolution
		Debug|Any CPU = Debug|Any CPU
		Release|Any CPU = Release|Any CPU
	EndGlobalSection
	GlobalSection(ProjectConfigurationPlatforms) = postSolution
		{6E342566-FEEF-4408-B271-7E01DB07A5C3}.Debug|Any CPU.ActiveCfg = Debug|Any CPU
		{6E342566-FEEF-4408-B271-7E01DB07A5C3}.Debug|Any CPU.Build.0 = Debug|Any CPU
		{6E342566-FEEF-4408-B271-7E01DB07A5C3}.Release|Any CPU.ActiveCfg = Release|Any CPU
		{6E342566-FEEF-4408-B271-7E01DB07A5C3}.Release|Any CPU.Build.0 = Release|Any CPU
	EndGlobalSection
	GlobalSection(SolutionProperties) = preSolution
		HideSolutionNode = FALSE
	EndGlobalSection
	GlobalSection(ExtensibilityGlobals) = postSolution
		SolutionGuid = {B78EEFB8-CFA3-4221-98EE-5AC75CA202EA}
	EndGlobalSection
EndGlobal
